
Microsoft Visual Studio Solution File, Format Version 12.00
# Visual Studio 15
Project("{FAE04EC0-301F-11D3-BF4B-00C04F79EFBC}") = "LeanTransition", "LeanTransition.csproj", "{C54514FE-8EDF-E08E-FF64-021E840859C1}"
EndProject
Project("{FAE04EC0-301F-11D3-BF4B-00C04F79EFBC}") = "Assembly-CSharp", "Assembly-CSharp.csproj", "{52256C60-694F-76D1-D534-800FF43C43EC}"
EndProject
Project("{FAE04EC0-301F-11D3-BF4B-00C04F79EFBC}") = "LeanGUI", "LeanGUI.csproj", "{DAC67F9C-49BC-5941-A8FC-24E73FEBF856}"
EndProject
Project("{FAE04EC0-301F-11D3-BF4B-00C04F79EFBC}") = "LeanCommon", "LeanCommon.csproj", "{3B8BD6C3-C71A-72CF-7432-20FC2B06A851}"
EndProject
Project("{FAE04EC0-301F-11D3-BF4B-00C04F79EFBC}") = "Assembly-CSharp-Editor", "Assembly-CSharp-Editor.csproj", "{28C1FA12-00E3-FFE4-4CE0-6C598913F22E}"
EndProject
Global
	GlobalSection(SolutionConfigurationPlatforms) = preSolution
		Debug|Any CPU = Debug|Any CPU
		Release|Any CPU = Release|Any CPU
	EndGlobalSection
	GlobalSection(ProjectConfigurationPlatforms) = postSolution
		{C54514FE-8EDF-E08E-FF64-021E840859C1}.Debug|Any CPU.ActiveCfg = Debug|Any CPU
		{C54514FE-8EDF-E08E-FF64-021E840859C1}.Debug|Any CPU.Build.0 = Debug|Any CPU
		{C54514FE-8EDF-E08E-FF64-021E840859C1}.Release|Any CPU.ActiveCfg = Release|Any CPU
		{C54514FE-8EDF-E08E-FF64-021E840859C1}.Release|Any CPU.Build.0 = Release|Any CPU
		{52256C60-694F-76D1-D534-800FF43C43EC}.Debug|Any CPU.ActiveCfg = Debug|Any CPU
		{52256C60-694F-76D1-D534-800FF43C43EC}.Debug|Any CPU.Build.0 = Debug|Any CPU
		{52256C60-694F-76D1-D534-800FF43C43EC}.Release|Any CPU.ActiveCfg = Release|Any CPU
		{52256C60-694F-76D1-D534-800FF43C43EC}.Release|Any CPU.Build.0 = Release|Any CPU
		{DAC67F9C-49BC-5941-A8FC-24E73FEBF856}.Debug|Any CPU.ActiveCfg = Debug|Any CPU
		{DAC67F9C-49BC-5941-A8FC-24E73FEBF856}.Debug|Any CPU.Build.0 = Debug|Any CPU
		{DAC67F9C-49BC-5941-A8FC-24E73FEBF856}.Release|Any CPU.ActiveCfg = Release|Any CPU
		{DAC67F9C-49BC-5941-A8FC-24E73FEBF856}.Release|Any CPU.Build.0 = Release|Any CPU
		{3B8BD6C3-C71A-72CF-7432-20FC2B06A851}.Debug|Any CPU.ActiveCfg = Debug|Any CPU
		{3B8BD6C3-C71A-72CF-7432-20FC2B06A851}.Debug|Any CPU.Build.0 = Debug|Any CPU
		{3B8BD6C3-C71A-72CF-7432-20FC2B06A851}.Release|Any CPU.ActiveCfg = Release|Any CPU
		{3B8BD6C3-C71A-72CF-7432-20FC2B06A851}.Release|Any CPU.Build.0 = Release|Any CPU
		{28C1FA12-00E3-FFE4-4CE0-6C598913F22E}.Debug|Any CPU.ActiveCfg = Debug|Any CPU
		{28C1FA12-00E3-FFE4-4CE0-6C598913F22E}.Debug|Any CPU.Build.0 = Debug|Any CPU
		{28C1FA12-00E3-FFE4-4CE0-6C598913F22E}.Release|Any CPU.ActiveCfg = Release|Any CPU
		{28C1FA12-00E3-FFE4-4CE0-6C598913F22E}.Release|Any CPU.Build.0 = Release|Any CPU
	EndGlobalSection
	GlobalSection(SolutionProperties) = preSolution
		HideSolutionNode = FALSE
	EndGlobalSection
	GlobalSection(MonoDevelopProperties) = preSolution
		StartupItem = Assembly-CSharp.csproj
	EndGlobalSection
EndGlobal
